
Microsoft Visual Studio Solution File, Format Version 12.00
# Visual Studio 15
VisualStudioVersion = 15.0.27703.2035
MinimumVisualStudioVersion = 10.0.40219.1
Project("{888888A0-9F3D-457C-B088-3A5042F75D52}") = "PythonApplication4", "PythonApplication4\PythonApplication4.pyproj", "{5A038FC4-62BD-44AD-A44D-9845E8A0FA9D}"
EndProject
Global
	GlobalSection(SolutionConfigurationPlatforms) = preSolution
		Debug|Any CPU = Debug|Any CPU
		Release|Any CPU = Release|Any CPU
	EndGlobalSection
	GlobalSection(ProjectConfigurationPlatforms) = postSolution
		{5A038FC4-62BD-44AD-A44D-9845E8A0FA9D}.Debug|Any CPU.ActiveCfg = Debug|Any CPU
		{5A038FC4-62BD-44AD-A44D-9845E8A0FA9D}.Release|Any CPU.ActiveCfg = Release|Any CPU
	EndGlobalSection
	GlobalSection(SolutionProperties) = preSolution
		HideSolutionNode = FALSE
	EndGlobalSection
	GlobalSection(ExtensibilityGlobals) = postSolution
		SolutionGuid = {918161CC-E6E3-4820-8E4A-AF5D60703F03}
	EndGlobalSection
EndGlobal
